
Microsoft Visual Studio Solution File, Format Version 12.00
# Visual Studio Version 17
VisualStudioVersion = 17.2.32630.192
MinimumVisualStudioVersion = 10.0.40219.1
Project("{FAE04EC0-301F-11D3-BF4B-00C04F79EFBC}") = "LinqMagnets", "LinqMagnets\LinqMagnets.csproj", "{E5681515-91A3-482B-ACDE-DBC32391FD53}"
EndProject
Global
	GlobalSection(SolutionConfigurationPlatforms) = preSolution
		Debug|Any CPU = Debug|Any CPU
		Release|Any CPU = Release|Any CPU
	EndGlobalSection
	GlobalSection(ProjectConfigurationPlatforms) = postSolution
		{E5681515-91A3-482B-ACDE-DBC32391FD53}.Debug|Any CPU.ActiveCfg = Debug|Any CPU
		{E5681515-91A3-482B-ACDE-DBC32391FD53}.Debug|Any CPU.Build.0 = Debug|Any CPU
		{E5681515-91A3-482B-ACDE-DBC32391FD53}.Release|Any CPU.ActiveCfg = Release|Any CPU
		{E5681515-91A3-482B-ACDE-DBC32391FD53}.Release|Any CPU.Build.0 = Release|Any CPU
	EndGlobalSection
	GlobalSection(SolutionProperties) = preSolution
		HideSolutionNode = FALSE
	EndGlobalSection
	GlobalSection(ExtensibilityGlobals) = postSolution
		SolutionGuid = {5479C80C-1898-4A53-A297-4A04B1829A80}
	EndGlobalSection
EndGlobal
